{
  "version": 1,
  "dependencies": {
    "net10.0": {
      "FluentValidation": {
        "type": "Direct",
        "requested": "[12.1.1, )",
        "resolved": "12.1.1",
        "contentHash": "EPpkIe1yh1a0OXyC100oOA8WMbZvqUu5plwhvYcb7oSELfyUZzfxV48BLhvs3kKo4NwG7MGLNgy1RJiYtT8Dpw=="
      },
      "Microsoft.AspNetCore.App.Internal.Assets": {
        "type": "Direct",
        "requested": "[10.0.12, )",
        "resolved": "10.0.12",
        "contentHash": "+sIBo9AMBZH46qHWHQdfzcGMt+RuBaPYrUMOAM9VjA7MQ9QtIez3lq1C3E05+Yroa94KKt3DSWaxmCI4H28a9Q=="
      },
      "Microsoft.AspNetCore.OpenApi": {
        "type": "Direct",
        "requested": "[10.0.12, )",
        "resolved": "10.0.12",
        "contentHash": "7RnQ/UKn+kK3JDLmTpW+vVqNErWthGPAVAy1aIiBzv4ucQ6g9NFvOJUuT0PHcpvcJxGVxctMxj6t+NESWMrgHQ==",
        "dependencies": {
          "Microsoft.OpenApi": "[2.12.0, 3.0.0)"
        }
      },
      "Microsoft.Extensions.ApiDescription.Server": {
        "type": "Direct",
        "requested": "[10.0.12, )",
        "resolved": "10.0.12",
        "contentHash": "Z/bU4AL/E4m0j5tduRjIuqZrVMK//wRAM+iq+UcQtjQuEMwBnMY8AQ+MvK4IQZAdKb5Zlk9PUglfsN53xOmU3A=="
      },
      "WolverineFx.Http": {
        "type": "Direct",
        "requested": "[6.39.1, )",
        "resolved": "6.39.1",
        "contentHash": "LaT85HoDA1dQrfI/nSZQKpqMf42xhfzaqu1OAzqwiYrVlQ957HrwAGCArGmLhNq0ch75Z3AsAOoAmrd155JkUQ==",
        "dependencies": {
          "Asp.Versioning.Abstractions": "[10.0.0, 11.0.0)",
          "JasperFx.SourceGenerator": "2.73.2",
          "WolverineFx": "6.39.1"
        }
      },
      "WolverineFx.Http.FluentValidation": {
        "type": "Direct",
        "requested": "[6.39.1, )",
        "resolved": "6.39.1",
        "contentHash": "HWy3nGlehDN/HLUVj4qMC649ZFO2RdkR80+IaK4wo9GkVAtYgkVK16FDeaD+VU3zXZ1VyMV19mZRThkplFFmjw==",
        "dependencies": {
          "WolverineFx.FluentValidation": "6.39.1",
          "WolverineFx.Http": "6.39.1"
        }
      },
      "Asp.Versioning.Abstractions": {
        "type": "Transitive",
        "resolved": "10.0.0",
        "contentHash": "cMRE5nvNMfBgfkb0XFWst/7UtyXCjoAXnV0L4Scx4P9fcf0idgrj1Z0c+3ylsy01K4cOib7dKhCBfpg5z3r0Kg=="
      },
      "Cronos": {
        "type": "Transitive",
        "resolved": "0.11.0",
        "contentHash": "ovNrFIuKTbeNYx+1Tne8DkY/nJ+bRoS0/bTrCBzeAuMvLbX2nJprwcdRqZIwwLRsaghqBU932QvJ6mryTycc/A=="
      },
      "FastExpressionCompiler": {
        "type": "Transitive",
        "resolved": "5.4.1",
        "contentHash": "nqMykMspK5cQd35Y8ulQzAujxCcCwZVUne32pC5xNpXqrbPCuKOPMWkKHJ3LveAZPm6dsVvump0TJ1SZ9RzfTQ=="
      },
      "ImTools": {
        "type": "Transitive",
        "resolved": "4.0.0",
        "contentHash": "dms0JfLKC9AQbQX/EdpRjn59EjEvaCxIgv1z9YxbEQb5SiOVoo7vlIKdEySeEwUkWhN05rZnNpUpG+aw5VqPVQ=="
      },
      "JasperFx": {
        "type": "Transitive",
        "resolved": "2.73.2",
        "contentHash": "K/F0fvgtFlBkxV6Tf+hkC6OiniG35tuCyRUZVH9H7A+h173hEdbVgz7ppVu6akv5IQ+mfKY0Gxe9ZweliDToIw==",
        "dependencies": {
          "FastExpressionCompiler": "5.4.1",
          "ImTools": "4.0.0",
          "Microsoft.Bcl.TimeProvider": "10.0.0",
          "Polly.Core": "8.6.5",
          "Spectre.Console": "0.55.0"
        }
      },
      "JasperFx.Events": {
        "type": "Transitive",
        "resolved": "2.73.2",
        "contentHash": "B+lEwW9yMcDkgV8IzDCDM+W8uWiiXQgBNuLWf6b6WlOYb09PYN1WR2D/g9GcpihFYYnkFXj//ywc00C/9FBCiw==",
        "dependencies": {
          "JasperFx": "2.73.2"
        }
      },
      "JasperFx.SourceGenerator": {
        "type": "Transitive",
        "resolved": "2.73.2",
        "contentHash": "nqzo5cklKgxm+DDHKUWlCq4Dhpvrz2CM7T6KJjZAPAeJTUK/0lnxzkdRMPYIX1QOs8fwq+rwjAXLXecaP7lntw=="
      },
      "Microsoft.Bcl.TimeProvider": {
        "type": "Transitive",
        "resolved": "10.0.0",
        "contentHash": "bUubrBD6tRJE3V1kvRloYc6NymH3R5oFKjAS9e0ELNx6u0ZR+zjps9dDQyjgqN/rArzl7f+21KGszj3YRN7F2Q=="
      },
      "Microsoft.OpenApi": {
        "type": "Transitive",
        "resolved": "2.12.0",
        "contentHash": "0xB/be+f6qYOhvQPUrVsLrau+fkowYv6gt9RIkajMhwT7sZnqtcA797yW3bS5kgSje+AQW4xZgyLnW641YFioQ=="
      },
      "NewId": {
        "type": "Transitive",
        "resolved": "4.0.1",
        "contentHash": "jegBasNndmG21G3BmT51suFDCIz/sLN81j+IxmkZ4iWoaDi8LygeHiyNnYbXz5OQh9nCRJFIx1+PJrlYi1Gc9Q=="
      },
      "Polly.Core": {
        "type": "Transitive",
        "resolved": "8.6.5",
        "contentHash": "t+sUVrIwvo7UmsgHGgOG9F0GDZSRIm47u2ylH17Gvcv1q5hNEwgD5GoBlFyc0kh/pebmPyrAgvGsR/65ZBaXlg=="
      },
      "Spectre.Console": {
        "type": "Transitive",
        "resolved": "0.55.0",
        "contentHash": "2TVhUHFsDux0Z+y2Hv4bFsOMuON4SuotEEKkMparFkp5Rm259naaaEQrN4Sv6C1cbsiGKPjfkJDGgUp+hZPjTw==",
        "dependencies": {
          "Spectre.Console.Ansi": "0.55.0"
        }
      },
      "Spectre.Console.Ansi": {
        "type": "Transitive",
        "resolved": "0.55.0",
        "contentHash": "GIfgOvuF8MpU52bprhwtDEtx0gmVIGOepM8bw0lH/TSMD0rg1Xp+5Y53kPG8rFVdcpbNANlhDQ5mEVVPO3/2Tg=="
      },
      "WolverineFx": {
        "type": "Transitive",
        "resolved": "6.39.1",
        "contentHash": "8fH1riv/f0xscobUrxnkiFgDFgkqI18ixhHAtoHklJNczCvxCHFpag3snHEzu2v6ldRfpLQG1YUERWWkCEJazw==",
        "dependencies": {
          "Cronos": "0.11.0",
          "JasperFx": "2.73.2",
          "JasperFx.Events": "2.73.2",
          "JasperFx.SourceGenerator": "2.73.2",
          "NewId": "4.0.1"
        }
      },
      "WolverineFx.FluentValidation": {
        "type": "Transitive",
        "resolved": "6.39.1",
        "contentHash": "suRInQziUra8NG839AfvkG13j/5fImlcTnDmlZx/8hAAGt9DUtzexfK1uOIdSdQAewePEGCNhflOf5yNy6K+uA==",
        "dependencies": {
          "FluentValidation": "12.0.0",
          "WolverineFx": "6.39.1"
        }
      }
    }
  }
}