{
  "version": 1,
  "dependencies": {
    "net10.0": {
      "Amazon.Lambda.AspNetCoreServer.Hosting": {
        "type": "Direct",
        "requested": "[2.2.1, )",
        "resolved": "2.2.1",
        "contentHash": "MldjW5hJB9M9z8a3qi+Q/VeMRLhVPWv4qQ1lJZ3zPPRfu0MfpaWekfrtI8ox9olJmX8J+8PBH5ixGFLX5vnO8g==",
        "dependencies": {
          "Amazon.Lambda.APIGatewayEvents": "3.0.1",
          "Amazon.Lambda.AspNetCoreServer": "10.2.1",
          "Amazon.Lambda.Core": "3.3.0",
          "Amazon.Lambda.RuntimeSupport": "2.2.0"
        }
      },
      "FluentValidation": {
        "type": "Direct",
        "requested": "[12.1.1, )",
        "resolved": "12.1.1",
        "contentHash": "EPpkIe1yh1a0OXyC100oOA8WMbZvqUu5plwhvYcb7oSELfyUZzfxV48BLhvs3kKo4NwG7MGLNgy1RJiYtT8Dpw=="
      },
      "Microsoft.AspNetCore.App.Internal.Assets": {
        "type": "Direct",
        "requested": "[10.0.12, )",
        "resolved": "10.0.12",
        "contentHash": "+sIBo9AMBZH46qHWHQdfzcGMt+RuBaPYrUMOAM9VjA7MQ9QtIez3lq1C3E05+Yroa94KKt3DSWaxmCI4H28a9Q=="
      },
      "Microsoft.AspNetCore.OpenApi": {
        "type": "Direct",
        "requested": "[10.0.12, )",
        "resolved": "10.0.12",
        "contentHash": "7RnQ/UKn+kK3JDLmTpW+vVqNErWthGPAVAy1aIiBzv4ucQ6g9NFvOJUuT0PHcpvcJxGVxctMxj6t+NESWMrgHQ==",
        "dependencies": {
          "Microsoft.OpenApi": "[2.12.0, 3.0.0)"
        }
      },
      "Microsoft.Extensions.ApiDescription.Server": {
        "type": "Direct",
        "requested": "[10.0.12, )",
        "resolved": "10.0.12",
        "contentHash": "Z/bU4AL/E4m0j5tduRjIuqZrVMK//wRAM+iq+UcQtjQuEMwBnMY8AQ+MvK4IQZAdKb5Zlk9PUglfsN53xOmU3A=="
      },
      "WolverineFx.Http": {
        "type": "Direct",
        "requested": "[6.39.1, )",
        "resolved": "6.39.1",
        "contentHash": "LaT85HoDA1dQrfI/nSZQKpqMf42xhfzaqu1OAzqwiYrVlQ957HrwAGCArGmLhNq0ch75Z3AsAOoAmrd155JkUQ==",
        "dependencies": {
          "Asp.Versioning.Abstractions": "[10.0.0, 11.0.0)",
          "JasperFx.SourceGenerator": "2.73.2",
          "WolverineFx": "6.39.1"
        }
      },
      "WolverineFx.Http.FluentValidation": {
        "type": "Direct",
        "requested": "[6.39.1, )",
        "resolved": "6.39.1",
        "contentHash": "HWy3nGlehDN/HLUVj4qMC649ZFO2RdkR80+IaK4wo9GkVAtYgkVK16FDeaD+VU3zXZ1VyMV19mZRThkplFFmjw==",
        "dependencies": {
          "WolverineFx.FluentValidation": "6.39.1",
          "WolverineFx.Http": "6.39.1"
        }
      },
      "Amazon.Lambda.APIGatewayEvents": {
        "type": "Transitive",
        "resolved": "3.0.1",
        "contentHash": "+gTGEtrcoCBRtCgcqEl3AlFrYrQY4pFreL22KkmpvXaNX1Lwlrbgk/crEcfuD3Q0wO2AspsJ3xMMj7pJxDYTKA=="
      },
      "Amazon.Lambda.ApplicationLoadBalancerEvents": {
        "type": "Transitive",
        "resolved": "3.0.0",
        "contentHash": "lUiZhNxherASNgbZysdFEj37VlyO7BH2z4iOwFpRtfLGq/v/dkVqt3rBAVvrxfPBRGi6SbSb/bHTV4bhPo5tSg=="
      },
      "Amazon.Lambda.AspNetCoreServer": {
        "type": "Transitive",
        "resolved": "10.2.1",
        "contentHash": "yql4ujM7Q2v6GfrBFbMB1SMaDu3wSHsfS/WfNr1OzUfVKseUKO+swo6Y/v1x/gQpJDKAzrP/pmwC/NuI9oPYjg==",
        "dependencies": {
          "Amazon.Lambda.APIGatewayEvents": "3.0.1",
          "Amazon.Lambda.ApplicationLoadBalancerEvents": "3.0.0",
          "Amazon.Lambda.Core": "3.3.0",
          "Amazon.Lambda.Logging.AspNetCore": "5.0.0",
          "Amazon.Lambda.Serialization.SystemTextJson": "3.0.1"
        }
      },
      "Amazon.Lambda.Core": {
        "type": "Transitive",
        "resolved": "3.3.0",
        "contentHash": "CZKlX8ZDMi6aKPo5lPAjmsJFDXNJHX00aiiYeRQOEszP8cjx6qklBvTPj4qpr4dlp3YYQjmB87CqAiWV7vk2fA=="
      },
      "Amazon.Lambda.Logging.AspNetCore": {
        "type": "Transitive",
        "resolved": "5.0.0",
        "contentHash": "vfqHBHPvsIvaAGeBnFSRSCThHoqXWqy7S/R6/Aldn4/FmHEp872D0WcJgFac/D0h0GnbHqyfFkjmBEpi85vOog==",
        "dependencies": {
          "Amazon.Lambda.Core": "3.0.0"
        }
      },
      "Amazon.Lambda.RuntimeSupport": {
        "type": "Transitive",
        "resolved": "2.2.0",
        "contentHash": "S2ey3Wwb1JBJzYOa1jHDfbATziS7BVDRd9ZzBBTIRf8+2KsAujlEUwbCAZ5WpfGl0poiTVdvD4S9ttrCX3fmdg==",
        "dependencies": {
          "Amazon.Lambda.Core": "3.3.0",
          "SnapshotRestore.Registry": "1.0.2"
        }
      },
      "Amazon.Lambda.Serialization.SystemTextJson": {
        "type": "Transitive",
        "resolved": "3.0.1",
        "contentHash": "QsHygaMyxQdgh5NPs5GGyBjK6mqQr5nv8rpqlrWC5+e1k7sVx+2xwDHv493S5IMw461S/PyHfjkUDjIQU5ArSA==",
        "dependencies": {
          "Amazon.Lambda.Core": "3.3.0"
        }
      },
      "Asp.Versioning.Abstractions": {
        "type": "Transitive",
        "resolved": "10.0.0",
        "contentHash": "cMRE5nvNMfBgfkb0XFWst/7UtyXCjoAXnV0L4Scx4P9fcf0idgrj1Z0c+3ylsy01K4cOib7dKhCBfpg5z3r0Kg=="
      },
      "Cronos": {
        "type": "Transitive",
        "resolved": "0.11.0",
        "contentHash": "ovNrFIuKTbeNYx+1Tne8DkY/nJ+bRoS0/bTrCBzeAuMvLbX2nJprwcdRqZIwwLRsaghqBU932QvJ6mryTycc/A=="
      },
      "FastExpressionCompiler": {
        "type": "Transitive",
        "resolved": "5.4.1",
        "contentHash": "nqMykMspK5cQd35Y8ulQzAujxCcCwZVUne32pC5xNpXqrbPCuKOPMWkKHJ3LveAZPm6dsVvump0TJ1SZ9RzfTQ=="
      },
      "ImTools": {
        "type": "Transitive",
        "resolved": "4.0.0",
        "contentHash": "dms0JfLKC9AQbQX/EdpRjn59EjEvaCxIgv1z9YxbEQb5SiOVoo7vlIKdEySeEwUkWhN05rZnNpUpG+aw5VqPVQ=="
      },
      "JasperFx": {
        "type": "Transitive",
        "resolved": "2.73.2",
        "contentHash": "K/F0fvgtFlBkxV6Tf+hkC6OiniG35tuCyRUZVH9H7A+h173hEdbVgz7ppVu6akv5IQ+mfKY0Gxe9ZweliDToIw==",
        "dependencies": {
          "FastExpressionCompiler": "5.4.1",
          "ImTools": "4.0.0",
          "Microsoft.Bcl.TimeProvider": "10.0.0",
          "Polly.Core": "8.6.5",
          "Spectre.Console": "0.55.0"
        }
      },
      "JasperFx.Events": {
        "type": "Transitive",
        "resolved": "2.73.2",
        "contentHash": "B+lEwW9yMcDkgV8IzDCDM+W8uWiiXQgBNuLWf6b6WlOYb09PYN1WR2D/g9GcpihFYYnkFXj//ywc00C/9FBCiw==",
        "dependencies": {
          "JasperFx": "2.73.2"
        }
      },
      "JasperFx.SourceGenerator": {
        "type": "Transitive",
        "resolved": "2.73.2",
        "contentHash": "nqzo5cklKgxm+DDHKUWlCq4Dhpvrz2CM7T6KJjZAPAeJTUK/0lnxzkdRMPYIX1QOs8fwq+rwjAXLXecaP7lntw=="
      },
      "Microsoft.Bcl.TimeProvider": {
        "type": "Transitive",
        "resolved": "10.0.0",
        "contentHash": "bUubrBD6tRJE3V1kvRloYc6NymH3R5oFKjAS9e0ELNx6u0ZR+zjps9dDQyjgqN/rArzl7f+21KGszj3YRN7F2Q=="
      },
      "Microsoft.OpenApi": {
        "type": "Transitive",
        "resolved": "2.12.0",
        "contentHash": "0xB/be+f6qYOhvQPUrVsLrau+fkowYv6gt9RIkajMhwT7sZnqtcA797yW3bS5kgSje+AQW4xZgyLnW641YFioQ=="
      },
      "NewId": {
        "type": "Transitive",
        "resolved": "4.0.1",
        "contentHash": "jegBasNndmG21G3BmT51suFDCIz/sLN81j+IxmkZ4iWoaDi8LygeHiyNnYbXz5OQh9nCRJFIx1+PJrlYi1Gc9Q=="
      },
      "Polly.Core": {
        "type": "Transitive",
        "resolved": "8.6.5",
        "contentHash": "t+sUVrIwvo7UmsgHGgOG9F0GDZSRIm47u2ylH17Gvcv1q5hNEwgD5GoBlFyc0kh/pebmPyrAgvGsR/65ZBaXlg=="
      },
      "SnapshotRestore.Registry": {
        "type": "Transitive",
        "resolved": "1.0.2",
        "contentHash": "clcAZGAb8sbtIuynOPiZkpHLdSb3RGxHJjSPyecgRh55fFY0KynqA7GEtrVL/sAUgO9jvC0IMhPXBRcJuFWrAA=="
      },
      "Spectre.Console": {
        "type": "Transitive",
        "resolved": "0.55.0",
        "contentHash": "2TVhUHFsDux0Z+y2Hv4bFsOMuON4SuotEEKkMparFkp5Rm259naaaEQrN4Sv6C1cbsiGKPjfkJDGgUp+hZPjTw==",
        "dependencies": {
          "Spectre.Console.Ansi": "0.55.0"
        }
      },
      "Spectre.Console.Ansi": {
        "type": "Transitive",
        "resolved": "0.55.0",
        "contentHash": "GIfgOvuF8MpU52bprhwtDEtx0gmVIGOepM8bw0lH/TSMD0rg1Xp+5Y53kPG8rFVdcpbNANlhDQ5mEVVPO3/2Tg=="
      },
      "WolverineFx": {
        "type": "Transitive",
        "resolved": "6.39.1",
        "contentHash": "8fH1riv/f0xscobUrxnkiFgDFgkqI18ixhHAtoHklJNczCvxCHFpag3snHEzu2v6ldRfpLQG1YUERWWkCEJazw==",
        "dependencies": {
          "Cronos": "0.11.0",
          "JasperFx": "2.73.2",
          "JasperFx.Events": "2.73.2",
          "JasperFx.SourceGenerator": "2.73.2",
          "NewId": "4.0.1"
        }
      },
      "WolverineFx.FluentValidation": {
        "type": "Transitive",
        "resolved": "6.39.1",
        "contentHash": "suRInQziUra8NG839AfvkG13j/5fImlcTnDmlZx/8hAAGt9DUtzexfK1uOIdSdQAewePEGCNhflOf5yNy6K+uA==",
        "dependencies": {
          "FluentValidation": "12.0.0",
          "WolverineFx": "6.39.1"
        }
      }
    }
  }
}