{
  "version": 1,
  "dependencies": {
    "net10.0": {
      "Amazon.Lambda.AspNetCoreServer.Hosting": {
        "type": "Direct",
        "requested": "[2.2.1, )",
        "resolved": "2.2.1",
        "contentHash": "MldjW5hJB9M9z8a3qi+Q/VeMRLhVPWv4qQ1lJZ3zPPRfu0MfpaWekfrtI8ox9olJmX8J+8PBH5ixGFLX5vnO8g==",
        "dependencies": {
          "Amazon.Lambda.APIGatewayEvents": "3.0.1",
          "Amazon.Lambda.AspNetCoreServer": "10.2.1",
          "Amazon.Lambda.Core": "3.3.0",
          "Amazon.Lambda.RuntimeSupport": "2.2.0"
        }
      },
      "FluentValidation": {
        "type": "Direct",
        "requested": "[12.1.1, )",
        "resolved": "12.1.1",
        "contentHash": "EPpkIe1yh1a0OXyC100oOA8WMbZvqUu5plwhvYcb7oSELfyUZzfxV48BLhvs3kKo4NwG7MGLNgy1RJiYtT8Dpw=="
      },
      "Microsoft.AspNetCore.App.Internal.Assets": {
        "type": "Direct",
        "requested": "[10.0.12, )",
        "resolved": "10.0.12",
        "contentHash": "+sIBo9AMBZH46qHWHQdfzcGMt+RuBaPYrUMOAM9VjA7MQ9QtIez3lq1C3E05+Yroa94KKt3DSWaxmCI4H28a9Q=="
      },
      "Microsoft.AspNetCore.OpenApi": {
        "type": "Direct",
        "requested": "[10.0.12, )",
        "resolved": "10.0.12",
        "contentHash": "7RnQ/UKn+kK3JDLmTpW+vVqNErWthGPAVAy1aIiBzv4ucQ6g9NFvOJUuT0PHcpvcJxGVxctMxj6t+NESWMrgHQ==",
        "dependencies": {
          "Microsoft.OpenApi": "[2.12.0, 3.0.0)"
        }
      },
      "Microsoft.Extensions.ApiDescription.Server": {
        "type": "Direct",
        "requested": "[10.0.12, )",
        "resolved": "10.0.12",
        "contentHash": "Z/bU4AL/E4m0j5tduRjIuqZrVMK//wRAM+iq+UcQtjQuEMwBnMY8AQ+MvK4IQZAdKb5Zlk9PUglfsN53xOmU3A=="
      },
      "WolverineFx.Http": {
        "type": "Direct",
        "requested": "[6.41.0, )",
        "resolved": "6.41.0",
        "contentHash": "551qF6A64biSGdytH8otCJJU/xTPNKNJw4hI9h6IwGRfAjKbsT/zuCmgqy/yTwZIvwQzEhodzNr6IeKgIgQRXA==",
        "dependencies": {
          "Asp.Versioning.Abstractions": "[10.0.0, 11.0.0)",
          "JasperFx.SourceGenerator": "2.74.0",
          "WolverineFx": "6.41.0"
        }
      },
      "WolverineFx.Http.FluentValidation": {
        "type": "Direct",
        "requested": "[6.41.0, )",
        "resolved": "6.41.0",
        "contentHash": "H8xb3311E/y8b10v7XHeNz3/mJ0nSGNMOP88f6XvYb9M0nBoPXr12TX15x7CDW4u/fZiq4KDf8Xr7QVbkokSiQ==",
        "dependencies": {
          "WolverineFx.FluentValidation": "6.41.0",
          "WolverineFx.Http": "6.41.0"
        }
      },
      "Amazon.Lambda.APIGatewayEvents": {
        "type": "Transitive",
        "resolved": "3.0.1",
        "contentHash": "+gTGEtrcoCBRtCgcqEl3AlFrYrQY4pFreL22KkmpvXaNX1Lwlrbgk/crEcfuD3Q0wO2AspsJ3xMMj7pJxDYTKA=="
      },
      "Amazon.Lambda.ApplicationLoadBalancerEvents": {
        "type": "Transitive",
        "resolved": "3.0.0",
        "contentHash": "lUiZhNxherASNgbZysdFEj37VlyO7BH2z4iOwFpRtfLGq/v/dkVqt3rBAVvrxfPBRGi6SbSb/bHTV4bhPo5tSg=="
      },
      "Amazon.Lambda.AspNetCoreServer": {
        "type": "Transitive",
        "resolved": "10.2.1",
        "contentHash": "yql4ujM7Q2v6GfrBFbMB1SMaDu3wSHsfS/WfNr1OzUfVKseUKO+swo6Y/v1x/gQpJDKAzrP/pmwC/NuI9oPYjg==",
        "dependencies": {
          "Amazon.Lambda.APIGatewayEvents": "3.0.1",
          "Amazon.Lambda.ApplicationLoadBalancerEvents": "3.0.0",
          "Amazon.Lambda.Core": "3.3.0",
          "Amazon.Lambda.Logging.AspNetCore": "5.0.0",
          "Amazon.Lambda.Serialization.SystemTextJson": "3.0.1"
        }
      },
      "Amazon.Lambda.Core": {
        "type": "Transitive",
        "resolved": "3.3.0",
        "contentHash": "CZKlX8ZDMi6aKPo5lPAjmsJFDXNJHX00aiiYeRQOEszP8cjx6qklBvTPj4qpr4dlp3YYQjmB87CqAiWV7vk2fA=="
      },
      "Amazon.Lambda.Logging.AspNetCore": {
        "type": "Transitive",
        "resolved": "5.0.0",
        "contentHash": "vfqHBHPvsIvaAGeBnFSRSCThHoqXWqy7S/R6/Aldn4/FmHEp872D0WcJgFac/D0h0GnbHqyfFkjmBEpi85vOog==",
        "dependencies": {
          "Amazon.Lambda.Core": "3.0.0"
        }
      },
      "Amazon.Lambda.RuntimeSupport": {
        "type": "Transitive",
        "resolved": "2.2.0",
        "contentHash": "S2ey3Wwb1JBJzYOa1jHDfbATziS7BVDRd9ZzBBTIRf8+2KsAujlEUwbCAZ5WpfGl0poiTVdvD4S9ttrCX3fmdg==",
        "dependencies": {
          "Amazon.Lambda.Core": "3.3.0",
          "SnapshotRestore.Registry": "1.0.2"
        }
      },
      "Amazon.Lambda.Serialization.SystemTextJson": {
        "type": "Transitive",
        "resolved": "3.0.1",
        "contentHash": "QsHygaMyxQdgh5NPs5GGyBjK6mqQr5nv8rpqlrWC5+e1k7sVx+2xwDHv493S5IMw461S/PyHfjkUDjIQU5ArSA==",
        "dependencies": {
          "Amazon.Lambda.Core": "3.3.0"
        }
      },
      "Asp.Versioning.Abstractions": {
        "type": "Transitive",
        "resolved": "10.0.0",
        "contentHash": "cMRE5nvNMfBgfkb0XFWst/7UtyXCjoAXnV0L4Scx4P9fcf0idgrj1Z0c+3ylsy01K4cOib7dKhCBfpg5z3r0Kg=="
      },
      "Cronos": {
        "type": "Transitive",
        "resolved": "0.11.0",
        "contentHash": "ovNrFIuKTbeNYx+1Tne8DkY/nJ+bRoS0/bTrCBzeAuMvLbX2nJprwcdRqZIwwLRsaghqBU932QvJ6mryTycc/A=="
      },
      "FastExpressionCompiler": {
        "type": "Transitive",
        "resolved": "5.4.1",
        "contentHash": "nqMykMspK5cQd35Y8ulQzAujxCcCwZVUne32pC5xNpXqrbPCuKOPMWkKHJ3LveAZPm6dsVvump0TJ1SZ9RzfTQ=="
      },
      "ImTools": {
        "type": "Transitive",
        "resolved": "4.0.0",
        "contentHash": "dms0JfLKC9AQbQX/EdpRjn59EjEvaCxIgv1z9YxbEQb5SiOVoo7vlIKdEySeEwUkWhN05rZnNpUpG+aw5VqPVQ=="
      },
      "JasperFx": {
        "type": "Transitive",
        "resolved": "2.74.0",
        "contentHash": "HAQNeLQ+sz5k2lUPZSTbIqY07cKOkX10PgMwkYZG0ldDjt7q9cTcUS+5KMb+mdUGEEpm2EBPIfPOB/jhfGFVsw==",
        "dependencies": {
          "FastExpressionCompiler": "5.4.1",
          "ImTools": "4.0.0",
          "Microsoft.Bcl.TimeProvider": "10.0.0",
          "Polly.Core": "8.6.5",
          "Spectre.Console": "0.55.0"
        }
      },
      "JasperFx.Events": {
        "type": "Transitive",
        "resolved": "2.74.0",
        "contentHash": "q/sf/Hokbuv6FaoIewt0yf5gdU43vhln8yYF5WHF3mHIeNnaIj34MTMD/5j+QC2it4KolKH7rPP2uDkSasS8UQ==",
        "dependencies": {
          "JasperFx": "2.74.0"
        }
      },
      "JasperFx.SourceGenerator": {
        "type": "Transitive",
        "resolved": "2.74.0",
        "contentHash": "NbvpPmtnJoiP74nxDnxa+jmEh+KUezt260SBZKRzVGM2qaeqNfodVu1AgG+AptX4lK22ihAtME0ui6M0QSTz0w=="
      },
      "Microsoft.Bcl.TimeProvider": {
        "type": "Transitive",
        "resolved": "10.0.0",
        "contentHash": "bUubrBD6tRJE3V1kvRloYc6NymH3R5oFKjAS9e0ELNx6u0ZR+zjps9dDQyjgqN/rArzl7f+21KGszj3YRN7F2Q=="
      },
      "Microsoft.OpenApi": {
        "type": "Transitive",
        "resolved": "2.12.0",
        "contentHash": "0xB/be+f6qYOhvQPUrVsLrau+fkowYv6gt9RIkajMhwT7sZnqtcA797yW3bS5kgSje+AQW4xZgyLnW641YFioQ=="
      },
      "NewId": {
        "type": "Transitive",
        "resolved": "4.0.1",
        "contentHash": "jegBasNndmG21G3BmT51suFDCIz/sLN81j+IxmkZ4iWoaDi8LygeHiyNnYbXz5OQh9nCRJFIx1+PJrlYi1Gc9Q=="
      },
      "Polly.Core": {
        "type": "Transitive",
        "resolved": "8.6.5",
        "contentHash": "t+sUVrIwvo7UmsgHGgOG9F0GDZSRIm47u2ylH17Gvcv1q5hNEwgD5GoBlFyc0kh/pebmPyrAgvGsR/65ZBaXlg=="
      },
      "SnapshotRestore.Registry": {
        "type": "Transitive",
        "resolved": "1.0.2",
        "contentHash": "clcAZGAb8sbtIuynOPiZkpHLdSb3RGxHJjSPyecgRh55fFY0KynqA7GEtrVL/sAUgO9jvC0IMhPXBRcJuFWrAA=="
      },
      "Spectre.Console": {
        "type": "Transitive",
        "resolved": "0.55.0",
        "contentHash": "2TVhUHFsDux0Z+y2Hv4bFsOMuON4SuotEEKkMparFkp5Rm259naaaEQrN4Sv6C1cbsiGKPjfkJDGgUp+hZPjTw==",
        "dependencies": {
          "Spectre.Console.Ansi": "0.55.0"
        }
      },
      "Spectre.Console.Ansi": {
        "type": "Transitive",
        "resolved": "0.55.0",
        "contentHash": "GIfgOvuF8MpU52bprhwtDEtx0gmVIGOepM8bw0lH/TSMD0rg1Xp+5Y53kPG8rFVdcpbNANlhDQ5mEVVPO3/2Tg=="
      },
      "WolverineFx": {
        "type": "Transitive",
        "resolved": "6.41.0",
        "contentHash": "mVlx3qnfK78W5f2fpQHNDKX6lG0Z2UZ936mTTH4ExHjeYsBi3TP9bzYDbjhN58/xCEQrgijCgqISB+BgYFbTYQ==",
        "dependencies": {
          "Cronos": "0.11.0",
          "JasperFx": "2.74.0",
          "JasperFx.Events": "2.74.0",
          "JasperFx.SourceGenerator": "2.74.0",
          "NewId": "4.0.1"
        }
      },
      "WolverineFx.FluentValidation": {
        "type": "Transitive",
        "resolved": "6.41.0",
        "contentHash": "+qg428/V/HaHbcSJpJJeKj0ECQkbxuQFUZYDtlfj5h3FKPgm1I+y9ImzsoB2ZZVe9lSqsAyPLpUY74JIFfaB9A==",
        "dependencies": {
          "FluentValidation": "12.0.0",
          "WolverineFx": "6.41.0"
        }
      }
    }
  }
}