{
  "version": 1,
  "dependencies": {
    "net10.0": {
      "FastEndpoints": {
        "type": "Direct",
        "requested": "[8.3.0, )",
        "resolved": "8.3.0",
        "contentHash": "cwZdjaLcaU2qnQYDARQb15NvKiyMk0ySaw46wdYnuwvDSrY9cjFpclTfdG3+ewzwho8mceFenqnndhTayh46tA==",
        "dependencies": {
          "FastEndpoints.Attributes": "8.3.0",
          "FastEndpoints.JobQueues": "8.3.0",
          "FastEndpoints.Messaging": "8.3.0",
          "FluentValidation": "12.1.1"
        }
      },
      "FastEndpoints.Generator": {
        "type": "Direct",
        "requested": "[8.3.0, )",
        "resolved": "8.3.0",
        "contentHash": "pW/YwqceY1sHSpim2PMC7VGTHGkO7O1ZmhJvv2DWAKsRLOSZ1cUsNvgHPHxFi/cjxb5WV7gJ+LpRBU4+hZ1Peg=="
      },
      "FastEndpoints.OpenApi": {
        "type": "Direct",
        "requested": "[8.3.0, )",
        "resolved": "8.3.0",
        "contentHash": "XZiiS0uLl4rgnzPBegCT1GiT2Dh5l0C2nEVJTBr13QKU5GqmP7bwU4M36htzANCI31AxWnc6pcOn8RAu8Zmdog==",
        "dependencies": {
          "FastEndpoints": "8.3.0",
          "FluentValidation": "12.1.1",
          "Microsoft.AspNetCore.OpenApi": "10.0.11"
        }
      },
      "FastEndpoints.OpenApi.Kiota": {
        "type": "Direct",
        "requested": "[8.3.0, )",
        "resolved": "8.3.0",
        "contentHash": "yorCzk0mw25gGFTB5oGDN2gvUZScop4HNgfwDLPCivE3ONVjGuS7jHEbnEpXEkWSVlKkXLUaHZjxzf5DooVw3Q==",
        "dependencies": {
          "Microsoft.AspNetCore.OpenApi": "10.0.11",
          "Microsoft.OpenApi.Kiota.Builder": "[1.29.1]"
        }
      },
      "Microsoft.AspNetCore.App.Internal.Assets": {
        "type": "Direct",
        "requested": "[10.0.12, )",
        "resolved": "10.0.12",
        "contentHash": "+sIBo9AMBZH46qHWHQdfzcGMt+RuBaPYrUMOAM9VjA7MQ9QtIez3lq1C3E05+Yroa94KKt3DSWaxmCI4H28a9Q=="
      },
      "Microsoft.AspNetCore.OpenApi": {
        "type": "Direct",
        "requested": "[10.0.12, )",
        "resolved": "10.0.12",
        "contentHash": "7RnQ/UKn+kK3JDLmTpW+vVqNErWthGPAVAy1aIiBzv4ucQ6g9NFvOJUuT0PHcpvcJxGVxctMxj6t+NESWMrgHQ==",
        "dependencies": {
          "Microsoft.OpenApi": "[2.12.0, 3.0.0)"
        }
      },
      "Microsoft.Kiota.Bundle": {
        "type": "Direct",
        "requested": "[1.22.2, )",
        "resolved": "1.22.2",
        "contentHash": "dqzCwYgDhIPIeTma2oeAgc1hAOCN+s7/oa1Wt8VzDoK25xnk+vsLTVyBEg5LW2T733cr22GdZw66D9Dl4dQNFg==",
        "dependencies": {
          "Microsoft.Kiota.Abstractions": "1.22.2",
          "Microsoft.Kiota.Http.HttpClientLibrary": "1.22.2",
          "Microsoft.Kiota.Serialization.Form": "1.22.2",
          "Microsoft.Kiota.Serialization.Json": "1.22.2",
          "Microsoft.Kiota.Serialization.Multipart": "1.22.2",
          "Microsoft.Kiota.Serialization.Text": "1.22.2"
        }
      },
      "AsyncKeyedLock": {
        "type": "Transitive",
        "resolved": "7.1.6",
        "contentHash": "zoYk4WqHuTxU/OMAaMfy+1Jgvg4K8wlxU13P/AOHXcX4POOVNRLBgB0o15cUH2ixRScdKX8YXOQGsJ5piJlx6w=="
      },
      "DotNet.Glob": {
        "type": "Transitive",
        "resolved": "3.1.3",
        "contentHash": "hOfHw7MLJw/tbXaFwR1oiDb+dIXDp8URTxp5Pco42OOhiw77wrUNx6v6syNygHZbWwYdXQocL2Mo1l5FnfDVjg=="
      },
      "FastEndpoints.Attributes": {
        "type": "Transitive",
        "resolved": "8.3.0",
        "contentHash": "6nk8OZt2IZ8H2Sl2a8HwA9VOsfJ/372tW8qHtObusubiCLJQ5UH9uSvjP+X7bVl34ymGqmA1lkbUsUIVTSK+Xg=="
      },
      "FastEndpoints.Core": {
        "type": "Transitive",
        "resolved": "8.3.0",
        "contentHash": "zbx/M5GNrbhfMLOwjPXnaHVlCo9N+w+gRQFO7qllKJQlVUqahSwpyj7lODUqxBdAWv0GAYM5St/2658lbnOGIQ=="
      },
      "FastEndpoints.JobQueues": {
        "type": "Transitive",
        "resolved": "8.3.0",
        "contentHash": "4kw1Ccnhm4bxpgIL7xe+HxG8qw/CbOc8/ZlT1cwqUl+DsxK9XF9uZFBRMWYipYe5cVqLHRwJ/PmQFDXa0/fmVA==",
        "dependencies": {
          "FastEndpoints.Messaging": "8.3.0"
        }
      },
      "FastEndpoints.Messaging": {
        "type": "Transitive",
        "resolved": "8.3.0",
        "contentHash": "Quonvmdnhetpu79NGZMTBHdXVIpq5CWlWHhtP/8gAtyPtQVitHShn8RuT7FvYn7VdalqWDnlkWDFTf0O3CQwVQ==",
        "dependencies": {
          "FastEndpoints.Core": "8.3.0",
          "FastEndpoints.Messaging.Core": "8.3.0"
        }
      },
      "FastEndpoints.Messaging.Core": {
        "type": "Transitive",
        "resolved": "8.3.0",
        "contentHash": "VcJRpsRaz8xdbmE8m51Y7cmsESJVgnCaHlpMfx0TfKdfLGDXYaBsPjWY1lrSW95kJeA67pepLSfC8yGNz1eneA=="
      },
      "FluentValidation": {
        "type": "Transitive",
        "resolved": "12.1.1",
        "contentHash": "EPpkIe1yh1a0OXyC100oOA8WMbZvqUu5plwhvYcb7oSELfyUZzfxV48BLhvs3kKo4NwG7MGLNgy1RJiYtT8Dpw=="
      },
      "Microsoft.DeclarativeAgents.Manifest": {
        "type": "Transitive",
        "resolved": "4.0.0-rc.2",
        "contentHash": "eY/DmJBlxOeexZi7HQnI7DWsLyEfaAaot+BQihMPK6rJxMDgcJesItk158VhWuSNvqinyP3NqFFIjNko27Tmtg==",
        "dependencies": {
          "Microsoft.OpenApi": "2.0.0-preview.22",
          "Microsoft.OpenApi.YamlReader": "2.0.0-preview.22",
          "Microsoft.VisualStudio.Threading": "17.14.15"
        }
      },
      "Microsoft.IO.RecyclableMemoryStream": {
        "type": "Transitive",
        "resolved": "3.0.1",
        "contentHash": "s/s20YTVY9r9TPfTrN5g8zPF1YhwxyqO6PxUkrYTGI2B+OGPe9AdajWZrLhFqXIvqIW23fnUE4+ztrUWNU1+9g=="
      },
      "Microsoft.Kiota.Abstractions": {
        "type": "Transitive",
        "resolved": "1.22.2",
        "contentHash": "xktJuKVMXfcX9LJR0QH8gwbZ2WO+WrqTujCPtN13Y6GfLaB7wV0v1pv3hdO1Fek2/vKRpALhbdRYmFNoyzO1Sg==",
        "dependencies": {
          "Std.UriTemplate": "2.0.8"
        }
      },
      "Microsoft.Kiota.Http.HttpClientLibrary": {
        "type": "Transitive",
        "resolved": "1.22.2",
        "contentHash": "t3rPJbiLKBuvFQoCK/wmgwSjRmvEHomNjbXwV3suVpkszHPegj6MSmRorgUuvh8u+Gf7kvB8bNaBpLGc84Ps2w==",
        "dependencies": {
          "Microsoft.Kiota.Abstractions": "1.22.2"
        }
      },
      "Microsoft.Kiota.Serialization.Form": {
        "type": "Transitive",
        "resolved": "1.22.2",
        "contentHash": "oenk5iemusMXQ3XvmlBXN6ycwZghH0EFCz2ZWeuSFzm1F7aNvl3EHJdQbiYTHievXoPnWXzW/diSQdKpvWZLwg==",
        "dependencies": {
          "Microsoft.IO.RecyclableMemoryStream": "3.0.1",
          "Microsoft.Kiota.Abstractions": "1.22.2"
        }
      },
      "Microsoft.Kiota.Serialization.Json": {
        "type": "Transitive",
        "resolved": "1.22.2",
        "contentHash": "7MSOb/6cdAQpSie22BZSPxL0u5hkEVJL4oKn30jioX7rJtoWZgMd8LDVQP4w/JGpSYEWrNSs8o1g1Q1NHSStDg==",
        "dependencies": {
          "Microsoft.IO.RecyclableMemoryStream": "3.0.1",
          "Microsoft.Kiota.Abstractions": "1.22.2"
        }
      },
      "Microsoft.Kiota.Serialization.Multipart": {
        "type": "Transitive",
        "resolved": "1.22.2",
        "contentHash": "9tieLdQLSyk6ZhG1KIYfoSLWKyNkam9/sDqvI1XZcl962g/KzX6CCPh6H44Ub/D5KS6wDzz4YoWxjO9UXJ24cw==",
        "dependencies": {
          "Microsoft.IO.RecyclableMemoryStream": "3.0.1",
          "Microsoft.Kiota.Abstractions": "1.22.2"
        }
      },
      "Microsoft.Kiota.Serialization.Text": {
        "type": "Transitive",
        "resolved": "1.22.2",
        "contentHash": "FIC94KqhgTb13FZ3jYvdaMT625oQ8TrXWZ157zDo9jnJ2SKELSBCs7qC2ZfEOJVApx4JruHfJ/r1dnqb4wj+8g==",
        "dependencies": {
          "Microsoft.IO.RecyclableMemoryStream": "3.0.1",
          "Microsoft.Kiota.Abstractions": "1.22.2"
        }
      },
      "Microsoft.OpenApi": {
        "type": "Transitive",
        "resolved": "2.12.0",
        "contentHash": "0xB/be+f6qYOhvQPUrVsLrau+fkowYv6gt9RIkajMhwT7sZnqtcA797yW3bS5kgSje+AQW4xZgyLnW641YFioQ=="
      },
      "Microsoft.OpenApi.ApiManifest": {
        "type": "Transitive",
        "resolved": "2.0.0-preview5",
        "contentHash": "aMHcZVImD2bg7Pr3eitNPASFrLT656Jrf6Jw7JWuRDoyigopm388DaLdaOfJDGZhwz3Gr1Tw8q7hUrT7ySVIaA==",
        "dependencies": {
          "Microsoft.OpenApi.YamlReader": "2.0.0-preview.22"
        }
      },
      "Microsoft.OpenApi.Kiota.Builder": {
        "type": "Transitive",
        "resolved": "1.29.1",
        "contentHash": "c/rKb5+cLL/qSQjBLcbsZ1EC/5MmLjXaBOO8BmJrOAVecysdoPNqz/VuOhjjgKCbWKR9wH58eVRvWiyFdscLUQ==",
        "dependencies": {
          "AsyncKeyedLock": "7.1.6",
          "DotNet.Glob": "3.1.3",
          "Microsoft.DeclarativeAgents.Manifest": "4.0.0-rc.2",
          "Microsoft.Kiota.Bundle": "1.20.1",
          "Microsoft.OpenApi": "2.12.0",
          "Microsoft.OpenApi.ApiManifest": "2.0.0-preview5",
          "Microsoft.OpenApi.YamlReader": "2.12.0",
          "YamlDotNet": "16.3.0"
        }
      },
      "Microsoft.OpenApi.YamlReader": {
        "type": "Transitive",
        "resolved": "2.12.0",
        "contentHash": "PMpQU9qh4Ni9F+vCuYVJ4w+GMPflmPuY16iS4ZoNq2biSNJmmY6V2nHRMN9KXJSdpD+heMnKEsczU+fTNXmi4A==",
        "dependencies": {
          "Microsoft.OpenApi": "2.12.0",
          "SharpYaml": "2.1.4"
        }
      },
      "Microsoft.VisualStudio.Threading": {
        "type": "Transitive",
        "resolved": "17.14.15",
        "contentHash": "1DrCusT3xNLSlaJg77BsUSAzrhjdZBAvvsS0PMzyPM+fGais6SnISOhqdZQop8VVMIBLsYm2gyF9W7THjgavwA==",
        "dependencies": {
          "Microsoft.VisualStudio.Threading.Analyzers": "17.14.15",
          "Microsoft.VisualStudio.Threading.Only": "17.14.15",
          "Microsoft.VisualStudio.Validation": "17.8.8"
        }
      },
      "Microsoft.VisualStudio.Threading.Analyzers": {
        "type": "Transitive",
        "resolved": "17.14.15",
        "contentHash": "mXQPJsbuUD2ydq4/ffd8h8tSOFCXec+2xJOVNCvXjuMOq/+5EKHq3D2m2MC2+nUaXeFMSt66VS/J4HdKBixgcw=="
      },
      "Microsoft.VisualStudio.Threading.Only": {
        "type": "Transitive",
        "resolved": "17.14.15",
        "contentHash": "NqONyw1RXyj9P3k5e1uU2k9kc1ptwuU5NJQzG+MPq7vQVHUzBY8HLuJf/N2Rw5H/myD96CVxziDxmjawPuzntw==",
        "dependencies": {
          "Microsoft.VisualStudio.Validation": "17.8.8"
        }
      },
      "Microsoft.VisualStudio.Validation": {
        "type": "Transitive",
        "resolved": "17.8.8",
        "contentHash": "rWXThIpyQd4YIXghNkiv2+VLvzS+MCMKVRDR0GAMlflsdo+YcAN2g2r5U1Ah98OFjQMRexTFtXQQ2LkajxZi3g=="
      },
      "SharpYaml": {
        "type": "Transitive",
        "resolved": "2.1.4",
        "contentHash": "/iwULhVBpTjD4wPZhLU+eUWBanDvri/2AGx5YbaAj5kp9kXzhqUfJEy56H5Yi+c+OXsdm/oKD1aTKB24BFp8cw=="
      },
      "Std.UriTemplate": {
        "type": "Transitive",
        "resolved": "2.0.8",
        "contentHash": "IAR4gJlLVD4r/FsU/rDb1+9sbB3/tCFVZz5IzlbM2yHoiUisBi5Ek/KXRUF7RcqNARka79EoaOz9INnXvQ/O6w=="
      },
      "YamlDotNet": {
        "type": "Transitive",
        "resolved": "16.3.0",
        "contentHash": "SgMOdxbz8X65z8hraIs6hOEdnkH6hESTAIUa7viEngHOYaH+6q5XJmwr1+yb9vJpNQ19hCQY69xbFsLtXpobQA=="
      }
    }
  }
}