{
  "version": 2,
  "dependencies": {
    "net10.0": {
      "FastEndpoints": {
        "type": "Direct",
        "requested": "[8.3.0, )",
        "resolved": "8.3.0",
        "contentHash": "cwZdjaLcaU2qnQYDARQb15NvKiyMk0ySaw46wdYnuwvDSrY9cjFpclTfdG3+ewzwho8mceFenqnndhTayh46tA==",
        "dependencies": {
          "FastEndpoints.Attributes": "8.3.0",
          "FastEndpoints.JobQueues": "8.3.0",
          "FastEndpoints.Messaging": "8.3.0",
          "FluentValidation": "12.1.1"
        }
      },
      "Microsoft.AspNetCore.App.Internal.Assets": {
        "type": "Direct",
        "requested": "[10.0.12, )",
        "resolved": "10.0.12",
        "contentHash": "+sIBo9AMBZH46qHWHQdfzcGMt+RuBaPYrUMOAM9VjA7MQ9QtIez3lq1C3E05+Yroa94KKt3DSWaxmCI4H28a9Q=="
      },
      "FastEndpoints.Attributes": {
        "type": "Transitive",
        "resolved": "8.3.0",
        "contentHash": "6nk8OZt2IZ8H2Sl2a8HwA9VOsfJ/372tW8qHtObusubiCLJQ5UH9uSvjP+X7bVl34ymGqmA1lkbUsUIVTSK+Xg=="
      },
      "FastEndpoints.Core": {
        "type": "Transitive",
        "resolved": "8.3.0",
        "contentHash": "zbx/M5GNrbhfMLOwjPXnaHVlCo9N+w+gRQFO7qllKJQlVUqahSwpyj7lODUqxBdAWv0GAYM5St/2658lbnOGIQ=="
      },
      "FastEndpoints.JobQueues": {
        "type": "Transitive",
        "resolved": "8.3.0",
        "contentHash": "4kw1Ccnhm4bxpgIL7xe+HxG8qw/CbOc8/ZlT1cwqUl+DsxK9XF9uZFBRMWYipYe5cVqLHRwJ/PmQFDXa0/fmVA==",
        "dependencies": {
          "FastEndpoints.Messaging": "8.3.0"
        }
      },
      "FastEndpoints.Messaging": {
        "type": "Transitive",
        "resolved": "8.3.0",
        "contentHash": "Quonvmdnhetpu79NGZMTBHdXVIpq5CWlWHhtP/8gAtyPtQVitHShn8RuT7FvYn7VdalqWDnlkWDFTf0O3CQwVQ==",
        "dependencies": {
          "FastEndpoints.Core": "8.3.0",
          "FastEndpoints.Messaging.Core": "8.3.0"
        }
      },
      "FastEndpoints.Messaging.Core": {
        "type": "Transitive",
        "resolved": "8.3.0",
        "contentHash": "VcJRpsRaz8xdbmE8m51Y7cmsESJVgnCaHlpMfx0TfKdfLGDXYaBsPjWY1lrSW95kJeA67pepLSfC8yGNz1eneA=="
      },
      "requestbench.domain": {
        "type": "Project"
      },
      "requestbench.hosts": {
        "type": "Project",
        "dependencies": {
          "RequestBench.Domain": "[1.0.0, )"
        }
      },
      "FluentValidation": {
        "type": "CentralTransitive",
        "requested": "[12.1.1, )",
        "resolved": "12.1.1",
        "contentHash": "EPpkIe1yh1a0OXyC100oOA8WMbZvqUu5plwhvYcb7oSELfyUZzfxV48BLhvs3kKo4NwG7MGLNgy1RJiYtT8Dpw=="
      }
    }
  }
}