{
  "version": 2,
  "dependencies": {
    "net10.0": {
      "Hardened.Aws.Lambda.Http": {
        "type": "Direct",
        "requested": "[0.41.0-rc1000, )",
        "resolved": "0.41.0-rc1000",
        "contentHash": "Z9N08HhV4DctSROUv1AMEa8nvvD5e5UyMS2IikR1gqX1xqgtA0lYHP0SFDNpqNBC+7Q762pqgUfSFoIk9weHow==",
        "dependencies": {
          "Amazon.Lambda.APIGatewayEvents": "2.7.0",
          "Amazon.Lambda.Core": "3.3.0",
          "DependencyModules.Runtime": "1.7.0",
          "Hardened.Aws.Lambda.Runtime": "0.41.0-rc1000",
          "Hardened.Requests.Abstract": "0.41.0-rc1000",
          "Hardened.Requests.Runtime": "0.41.0-rc1000",
          "Microsoft.Extensions.DependencyInjection.Abstractions": "8.0.2",
          "Microsoft.Extensions.Logging.Abstractions": "8.0.3",
          "Microsoft.Extensions.Primitives": "8.0.0"
        }
      },
      "Hardened.Aws.Lambda.Runtime": {
        "type": "Direct",
        "requested": "[0.41.0-rc1000, )",
        "resolved": "0.41.0-rc1000",
        "contentHash": "AGUdlTtyXP6BAKHuuFEdWLA4sMNtQ5wZe0JKe5arWZxA70MaQ3+FQz6faHqaeav0zncT5BxfPg7/ltFfUKQXLQ==",
        "dependencies": {
          "Amazon.Lambda.Core": "3.3.0",
          "Amazon.Lambda.RuntimeSupport": "2.2.0",
          "DependencyModules.Runtime": "1.7.0",
          "Hardened.Functions.Runtime": "0.41.0-rc1000",
          "Hardened.Requests.Abstract": "0.41.0-rc1000",
          "Hardened.Requests.Runtime": "0.41.0-rc1000",
          "Microsoft.Extensions.DependencyInjection.Abstractions": "8.0.2",
          "Microsoft.Extensions.Logging.Abstractions": "8.0.3",
          "Microsoft.Extensions.Primitives": "8.0.0"
        }
      },
      "Hardened.Library.SourceGenerator": {
        "type": "Direct",
        "requested": "[0.41.0-rc1000, )",
        "resolved": "0.41.0-rc1000",
        "contentHash": "i6g8RjxWxxkmKlB24DuLQGOehVeWHjdJ4cyx+5/8609to73Fkhz3mV6aWaU0/CGLCKXGOlbwHe5VbBZ4Fm4GQQ=="
      },
      "Hardened.Shared.Runtime": {
        "type": "Direct",
        "requested": "[0.41.0-rc1000, )",
        "resolved": "0.41.0-rc1000",
        "contentHash": "Gl0kg6FO6/O8kRWzYwyWvuvcV73xCvZDkVdbcsCqiT8pGlES7uWAywFgNPAwwzelH3iOgKytOsd75VkX91xd7A==",
        "dependencies": {
          "DependencyModules.Runtime": "1.7.0",
          "Microsoft.Extensions.DependencyInjection": "8.0.1",
          "Microsoft.Extensions.DependencyInjection.Abstractions": "8.0.2",
          "Microsoft.Extensions.Logging": "8.0.1",
          "Microsoft.Extensions.Logging.Abstractions": "8.0.3",
          "Microsoft.Extensions.Options": "8.0.2",
          "Microsoft.Extensions.Primitives": "8.0.0"
        }
      },
      "Hardened.Web.Runtime": {
        "type": "Direct",
        "requested": "[0.41.0-rc1000, )",
        "resolved": "0.41.0-rc1000",
        "contentHash": "6prrFxAgR1wbIbx1Xbt+BjGwpAm4uoM7+n/d++dLoo1tV28F8MAkQCvQLCYUQqgOoQvVDVLM8U50CEIboAOPJg==",
        "dependencies": {
          "DependencyModules.Runtime": "1.7.0",
          "Hardened.Requests.Abstract": "0.41.0-rc1000",
          "Hardened.Requests.Runtime": "0.41.0-rc1000",
          "Hardened.Shared.Runtime": "0.41.0-rc1000",
          "Microsoft.Extensions.Logging": "8.0.1",
          "Microsoft.Extensions.Logging.Abstractions": "8.0.3",
          "Microsoft.Extensions.Primitives": "8.0.0"
        }
      },
      "Hardened.Web.SourceGenerator": {
        "type": "Direct",
        "requested": "[0.41.0-rc1000, )",
        "resolved": "0.41.0-rc1000",
        "contentHash": "YM7oG6EB6FGQCr0zFCr35HdatV6kLNvDWu0dbVhis92EbGxoM4z/QlD2/9/lMa1RQ6vvp+Ev3zvYlwZwNC0Pzg=="
      },
      "Microsoft.DotNet.ILCompiler": {
        "type": "Direct",
        "requested": "[10.0.12, )",
        "resolved": "10.0.12",
        "contentHash": "AawF393Q+VkdrnrnI1gu612zh5iqpa1AGSvnKCQ3IkMgSKJXIQbO1sXYRgEzOU4f0cPZ6MaCCF29xZSGWlmbuQ=="
      },
      "Microsoft.NET.ILLink.Tasks": {
        "type": "Direct",
        "requested": "[10.0.12, )",
        "resolved": "10.0.12",
        "contentHash": "xi+BDjFpW+Sb+MHFHaH6Y/gV9I8BluFwRXc1QyCdoZbIK26eNiBeFuMTe/FMwc33G1wdHCyDg7CVTmb8OdQrMQ=="
      },
      "Amazon.Lambda.APIGatewayEvents": {
        "type": "Transitive",
        "resolved": "2.7.0",
        "contentHash": "HAbdRKLzvUqRg/fItan7up/PWsj6vQfYF+1a4YV6sv1bq5TuK/ra+ndJwWMlzL+MFJzJaHwCmtkyBbh/vz8Oig=="
      },
      "Amazon.Lambda.Core": {
        "type": "Transitive",
        "resolved": "3.3.0",
        "contentHash": "CZKlX8ZDMi6aKPo5lPAjmsJFDXNJHX00aiiYeRQOEszP8cjx6qklBvTPj4qpr4dlp3YYQjmB87CqAiWV7vk2fA=="
      },
      "Amazon.Lambda.RuntimeSupport": {
        "type": "Transitive",
        "resolved": "2.2.0",
        "contentHash": "S2ey3Wwb1JBJzYOa1jHDfbATziS7BVDRd9ZzBBTIRf8+2KsAujlEUwbCAZ5WpfGl0poiTVdvD4S9ttrCX3fmdg==",
        "dependencies": {
          "Amazon.Lambda.Core": "3.3.0",
          "SnapshotRestore.Registry": "1.0.2"
        }
      },
      "DependencyModules.Runtime": {
        "type": "Transitive",
        "resolved": "1.7.0",
        "contentHash": "A5PmTFHSBcSvP3jZ8xEw+Y2rzynv4YsuNJO3BB1q+qyCdKJ14rWHFOXmKxqiVwJkHSOW+YeQjB6yT3+uULpyTg==",
        "dependencies": {
          "Microsoft.Extensions.DependencyInjection.Abstractions": "10.0.0"
        }
      },
      "Hardened.Functions.Runtime": {
        "type": "Transitive",
        "resolved": "0.41.0-rc1000",
        "contentHash": "LR7qgFDSsWMHutC9WiXHxyXLUURUmAxkq7odiYWmpOa7CUZR0HajCu+KL8CW3BgcaQAuGI8DSbGRpRTr5lbokQ=="
      },
      "Hardened.Requests.Abstract": {
        "type": "Transitive",
        "resolved": "0.41.0-rc1000",
        "contentHash": "HTdBCqJa68oqOBDKBHqnGCF9PgI8tbYswc0CnzQpzpbXJEL2huTj81q7LQT0kNSX+i+8s1OzLdTSMbzfv8i/gA==",
        "dependencies": {
          "Hardened.Shared.Runtime": "0.41.0-rc1000",
          "Microsoft.Extensions.DependencyInjection.Abstractions": "8.0.2",
          "Microsoft.Extensions.Logging.Abstractions": "8.0.3",
          "Microsoft.Extensions.Primitives": "8.0.0"
        }
      },
      "Hardened.Requests.Runtime": {
        "type": "Transitive",
        "resolved": "0.41.0-rc1000",
        "contentHash": "zOahApl4IHjy5Fv3li+CKlO5eCL4DqSVgpEbyAD36yw1TfwG2PujygERIOcZjpTr5G5sTfMNKUp+gHblURQzuw==",
        "dependencies": {
          "DependencyModules.Runtime": "1.7.0",
          "Hardened.Requests.Abstract": "0.41.0-rc1000",
          "Hardened.Shared.Runtime": "0.41.0-rc1000",
          "Microsoft.Extensions.DependencyInjection.Abstractions": "8.0.2",
          "Microsoft.Extensions.Logging.Abstractions": "8.0.3",
          "Microsoft.Extensions.Primitives": "8.0.0",
          "System.Threading.RateLimiting": "8.0.0",
          "ValidationModules.Runtime": "1.2.0"
        }
      },
      "Microsoft.Extensions.Caching.Abstractions": {
        "type": "Transitive",
        "resolved": "8.0.0",
        "contentHash": "3KuSxeHoNYdxVYfg2IRZCThcrlJ1XJqIXkAWikCsbm5C/bCjv7G0WoKDyuR98Q+T607QT2Zl5GsbGRkENcV2yQ==",
        "dependencies": {
          "Microsoft.Extensions.Primitives": "8.0.0"
        }
      },
      "Microsoft.Extensions.Caching.Memory": {
        "type": "Transitive",
        "resolved": "8.0.1",
        "contentHash": "HFDnhYLccngrzyGgHkjEDU5FMLn4MpOsr5ElgsBMC4yx6lJh4jeWO7fHS8+TXPq+dgxCmUa/Trl8svObmwW4QA==",
        "dependencies": {
          "Microsoft.Extensions.Caching.Abstractions": "8.0.0",
          "Microsoft.Extensions.DependencyInjection.Abstractions": "8.0.2",
          "Microsoft.Extensions.Logging.Abstractions": "8.0.2",
          "Microsoft.Extensions.Options": "8.0.2",
          "Microsoft.Extensions.Primitives": "8.0.0"
        }
      },
      "Microsoft.Extensions.DependencyInjection": {
        "type": "Transitive",
        "resolved": "8.0.1",
        "contentHash": "BmANAnR5Xd4Oqw7yQ75xOAYODybZQRzdeNucg7kS5wWKd2PNnMdYtJ2Vciy0QLylRmv42DGl5+AFL9izA6F1Rw==",
        "dependencies": {
          "Microsoft.Extensions.DependencyInjection.Abstractions": "8.0.2"
        }
      },
      "Microsoft.Extensions.DependencyInjection.Abstractions": {
        "type": "Transitive",
        "resolved": "10.0.0",
        "contentHash": "L3AdmZ1WOK4XXT5YFPEwyt0ep6l8lGIPs7F5OOBZc77Zqeo01Of7XXICy47628sdVl0v/owxYJTe86DTgFwKCA=="
      },
      "Microsoft.Extensions.Logging": {
        "type": "Transitive",
        "resolved": "8.0.1",
        "contentHash": "4x+pzsQEbqxhNf1QYRr5TDkLP9UsLT3A6MdRKDDEgrW7h1ljiEPgTNhKYUhNCCAaVpQECVQ+onA91PTPnIp6Lw==",
        "dependencies": {
          "Microsoft.Extensions.DependencyInjection": "8.0.1",
          "Microsoft.Extensions.Logging.Abstractions": "8.0.2",
          "Microsoft.Extensions.Options": "8.0.2"
        }
      },
      "Microsoft.Extensions.Logging.Abstractions": {
        "type": "Transitive",
        "resolved": "8.0.3",
        "contentHash": "dL0QGToTxggRLMYY4ZYX5AMwBb+byQBd/5dMiZE07Nv73o6I5Are3C7eQTh7K2+A4ct0PVISSr7TZANbiNb2yQ==",
        "dependencies": {
          "Microsoft.Extensions.DependencyInjection.Abstractions": "8.0.2"
        }
      },
      "Microsoft.Extensions.Options": {
        "type": "Transitive",
        "resolved": "8.0.2",
        "contentHash": "dWGKvhFybsaZpGmzkGCbNNwBD1rVlWzrZKANLW/CcbFJpCEceMCGzT7zZwHOGBCbwM0SzBuceMj5HN1LKV1QqA==",
        "dependencies": {
          "Microsoft.Extensions.DependencyInjection.Abstractions": "8.0.0",
          "Microsoft.Extensions.Primitives": "8.0.0"
        }
      },
      "Microsoft.Extensions.Primitives": {
        "type": "Transitive",
        "resolved": "8.0.0",
        "contentHash": "bXJEZrW9ny8vjMF1JV253WeLhpEVzFo1lyaZu1vQ4ZxWUlVvknZ/+ftFgVheLubb4eZPSwwxBeqS1JkCOjxd8g=="
      },
      "SnapshotRestore.Registry": {
        "type": "Transitive",
        "resolved": "1.0.2",
        "contentHash": "clcAZGAb8sbtIuynOPiZkpHLdSb3RGxHJjSPyecgRh55fFY0KynqA7GEtrVL/sAUgO9jvC0IMhPXBRcJuFWrAA=="
      },
      "System.Threading.RateLimiting": {
        "type": "Transitive",
        "resolved": "8.0.0",
        "contentHash": "7mu9v0QDv66ar3DpGSZHg9NuNcxDaaAcnMULuZlaTpP9+hwXhrxNGsF5GmLkSHxFdb5bBc1TzeujsRgTrPWi+Q=="
      },
      "ValidationModules.Runtime": {
        "type": "Transitive",
        "resolved": "1.2.0",
        "contentHash": "j2fi9P4fCuRR43p+UHO/K9E9eqml06CWWN0hw/m7Ni2i7WmLpgWAxuIoi466MGSZW1zQmiJPMOXAzUP+Ca50eA==",
        "dependencies": {
          "Microsoft.Extensions.DependencyInjection.Abstractions": "10.0.0"
        }
      },
      "implementation": {
        "type": "Project",
        "dependencies": {
          "Hardened.Library.SourceGenerator": "[0.41.0-rc1000, )",
          "Hardened.Requests.Caching.Memory": "[0.41.0-rc1000, )",
          "Hardened.Shared.Runtime": "[0.41.0-rc1000, )",
          "Hardened.Templates.RazorBlade": "[0.41.0-rc1000, )",
          "Hardened.Web.Runtime": "[0.41.0-rc1000, )",
          "Hardened.Web.SourceGenerator": "[0.41.0-rc1000, )",
          "Hardened.Web.StaticContent": "[0.41.0-rc1000, )",
          "RazorBlade": "[1.0.0, )",
          "ValidationModules.SourceGenerator": "[1.2.0, )"
        }
      },
      "Hardened.Requests.Caching.Memory": {
        "type": "CentralTransitive",
        "requested": "[0.41.0-rc1000, )",
        "resolved": "0.41.0-rc1000",
        "contentHash": "y7fxH+7b7Q220P6UHgdUXzhn8sd+1Z8gHYRtNejiZDDewW8/eoipnxVF0c99FnVQtUKP/cJm7mtfm7c2ci6D3w==",
        "dependencies": {
          "DependencyModules.Runtime": "1.7.0",
          "Hardened.Requests.Abstract": "0.41.0-rc1000",
          "Hardened.Shared.Runtime": "0.41.0-rc1000",
          "Microsoft.Extensions.Caching.Memory": "8.0.1"
        }
      },
      "Hardened.Templates.RazorBlade": {
        "type": "CentralTransitive",
        "requested": "[0.41.0-rc1000, )",
        "resolved": "0.41.0-rc1000",
        "contentHash": "lnnjXDZpa7v0MlxY56eYea27gi06RbR6V4coOdSCQWi3w48qf6d1umxej9jptdKafqqELnOKVIWkrr1UbXm4dQ==",
        "dependencies": {
          "DependencyModules.Runtime": "1.7.0",
          "Hardened.Requests.Abstract": "0.41.0-rc1000",
          "Hardened.Requests.Runtime": "0.41.0-rc1000",
          "Hardened.Shared.Runtime": "0.41.0-rc1000",
          "Microsoft.Extensions.DependencyInjection.Abstractions": "8.0.2",
          "RazorBlade": "1.0.0"
        }
      },
      "Hardened.Web.StaticContent": {
        "type": "CentralTransitive",
        "requested": "[0.41.0-rc1000, )",
        "resolved": "0.41.0-rc1000",
        "contentHash": "cEim5tMxAFfYxoeWz2iMiHXBlcrZl2O+FPUSNjnSMhHu+X8PYhSXhWZZ9r0B5G//Do8NbZYQgLiN+sg2VGTB/Q==",
        "dependencies": {
          "Hardened.Requests.Abstract": "0.41.0-rc1000",
          "Hardened.Requests.Runtime": "0.41.0-rc1000",
          "Hardened.Shared.Runtime": "0.41.0-rc1000",
          "Hardened.Web.Runtime": "0.41.0-rc1000"
        }
      },
      "RazorBlade": {
        "type": "CentralTransitive",
        "requested": "[1.0.0, )",
        "resolved": "1.0.0",
        "contentHash": "zTQ5eTOzoif6mMlhKsNfs5yg7SX1NlfdI+hx7jgT73XnqoPcZ64qwa3I9hDdprkqtjIK42FpmmmwDK3MjWTzAQ=="
      },
      "ValidationModules.SourceGenerator": {
        "type": "CentralTransitive",
        "requested": "[1.2.0, )",
        "resolved": "1.2.0",
        "contentHash": "+WOhZULFFsvAIyeiaPJLkxyCIezJZ8Jt9Eo4AKQO4ySUc9AmrY7HhczcSBAUVlnvUOfEdXA5Xko+BXPhZiyW9Q=="
      }
    },
    "net10.0/linux-arm64": {
      "Microsoft.DotNet.ILCompiler": {
        "type": "Direct",
        "requested": "[10.0.12, )",
        "resolved": "10.0.12",
        "contentHash": "AawF393Q+VkdrnrnI1gu612zh5iqpa1AGSvnKCQ3IkMgSKJXIQbO1sXYRgEzOU4f0cPZ6MaCCF29xZSGWlmbuQ==",
        "dependencies": {
          "runtime.linux-arm64.Microsoft.DotNet.ILCompiler": "10.0.12"
        }
      },
      "runtime.linux-arm64.Microsoft.DotNet.ILCompiler": {
        "type": "Transitive",
        "resolved": "10.0.12",
        "contentHash": "/5+mHi8hwnpAh0Uut3VVoungKmx5lER+c9T11qlt9Geqpm3j28eTnay6kQnWdegcGgXBhdLN/iY09yPR8GukeQ=="
      }
    },
    "net10.0/linux-x64": {
      "Microsoft.DotNet.ILCompiler": {
        "type": "Direct",
        "requested": "[10.0.12, )",
        "resolved": "10.0.12",
        "contentHash": "AawF393Q+VkdrnrnI1gu612zh5iqpa1AGSvnKCQ3IkMgSKJXIQbO1sXYRgEzOU4f0cPZ6MaCCF29xZSGWlmbuQ==",
        "dependencies": {
          "runtime.linux-x64.Microsoft.DotNet.ILCompiler": "10.0.12"
        }
      },
      "runtime.linux-x64.Microsoft.DotNet.ILCompiler": {
        "type": "Transitive",
        "resolved": "10.0.12",
        "contentHash": "wAa+LAE6+Bkd+pEJvGdnQU8PZQRzvhurpQ4hzsOTpRuedIq1kunJcz86xBCBlzsc+QlVdCKVUPzEfB3uYVB7Gw=="
      }
    }
  }
}