{
  "version": 2,
  "dependencies": {
    "net10.0": {
      "Hardened.Aws.Lambda.Http": {
        "type": "Direct",
        "requested": "[0.40.0-rc1000, )",
        "resolved": "0.40.0-rc1000",
        "contentHash": "MWDeJORa5LwJKX5iKmcfxWChgcha4wYt/SxZpBN/d7WWshnYBN8QAM94M8UmkEddEto2VWpGhsWd/ClSP3msJQ==",
        "dependencies": {
          "Amazon.Lambda.APIGatewayEvents": "2.7.0",
          "Amazon.Lambda.Core": "3.3.0",
          "DependencyModules.Runtime": "1.7.0",
          "Hardened.Aws.Lambda.Runtime": "0.40.0-rc1000",
          "Hardened.Requests.Abstract": "0.40.0-rc1000",
          "Hardened.Requests.Runtime": "0.40.0-rc1000",
          "Microsoft.Extensions.DependencyInjection.Abstractions": "8.0.2",
          "Microsoft.Extensions.Logging.Abstractions": "8.0.3",
          "Microsoft.Extensions.Primitives": "8.0.0"
        }
      },
      "Hardened.Aws.Lambda.Runtime": {
        "type": "Direct",
        "requested": "[0.40.0-rc1000, )",
        "resolved": "0.40.0-rc1000",
        "contentHash": "AgK+CfZ7gpKa4ukHEbq4fPSj27hHZuZFXBJglp/7CgKI+ocfi5ajDnum0VuGvMctlZS4JlrDr+jfA+kdXdLtRA==",
        "dependencies": {
          "Amazon.Lambda.Core": "3.3.0",
          "Amazon.Lambda.RuntimeSupport": "2.2.0",
          "DependencyModules.Runtime": "1.7.0",
          "Hardened.Functions.Runtime": "0.40.0-rc1000",
          "Hardened.Requests.Abstract": "0.40.0-rc1000",
          "Hardened.Requests.Runtime": "0.40.0-rc1000",
          "Microsoft.Extensions.DependencyInjection.Abstractions": "8.0.2",
          "Microsoft.Extensions.Logging.Abstractions": "8.0.3",
          "Microsoft.Extensions.Primitives": "8.0.0"
        }
      },
      "Hardened.Library.SourceGenerator": {
        "type": "Direct",
        "requested": "[0.40.0-rc1000, )",
        "resolved": "0.40.0-rc1000",
        "contentHash": "gfe2tqKhWn1pqV/MOjtukDsmiII0gh04qkB4lgTpPh8IzIT5BkjcvGSokUuO8W1zhyhGjMyyk4C6mwHMGpSabQ=="
      },
      "Hardened.Shared.Runtime": {
        "type": "Direct",
        "requested": "[0.40.0-rc1000, )",
        "resolved": "0.40.0-rc1000",
        "contentHash": "tQlLDv5QLS2gY4HFhJlVralqrV/CbDtrGg5RBNe7LtMefW8nRK7+xufRwsjLNP77KRtidn5BC+z/W0lK1mZvSA==",
        "dependencies": {
          "DependencyModules.Runtime": "1.7.0",
          "Microsoft.Extensions.DependencyInjection": "8.0.1",
          "Microsoft.Extensions.DependencyInjection.Abstractions": "8.0.2",
          "Microsoft.Extensions.Logging": "8.0.1",
          "Microsoft.Extensions.Logging.Abstractions": "8.0.3",
          "Microsoft.Extensions.Options": "8.0.2",
          "Microsoft.Extensions.Primitives": "8.0.0"
        }
      },
      "Hardened.Web.Runtime": {
        "type": "Direct",
        "requested": "[0.40.0-rc1000, )",
        "resolved": "0.40.0-rc1000",
        "contentHash": "AzxY32sMkfQ37gVVRXhG+pAcXpvSszn0Be2t3iEeCZ2sm+kGguv4TAy4RSy2FRRSikQmdhPsnuNn7NOt7jU2BQ==",
        "dependencies": {
          "DependencyModules.Runtime": "1.7.0",
          "Hardened.Requests.Abstract": "0.40.0-rc1000",
          "Hardened.Requests.Runtime": "0.40.0-rc1000",
          "Hardened.Shared.Runtime": "0.40.0-rc1000",
          "Microsoft.Extensions.Logging": "8.0.1",
          "Microsoft.Extensions.Logging.Abstractions": "8.0.3",
          "Microsoft.Extensions.Primitives": "8.0.0"
        }
      },
      "Hardened.Web.SourceGenerator": {
        "type": "Direct",
        "requested": "[0.40.0-rc1000, )",
        "resolved": "0.40.0-rc1000",
        "contentHash": "tg7SZnS7uYP8IipwB27OXr02fSlcHliKZCyfBN9lKr24MKGdd2i+W0HtiotsxvAaZBxqaHW9+KgLDRah/Z9qjw=="
      },
      "Microsoft.DotNet.ILCompiler": {
        "type": "Direct",
        "requested": "[10.0.12, )",
        "resolved": "10.0.12",
        "contentHash": "AawF393Q+VkdrnrnI1gu612zh5iqpa1AGSvnKCQ3IkMgSKJXIQbO1sXYRgEzOU4f0cPZ6MaCCF29xZSGWlmbuQ=="
      },
      "Microsoft.NET.ILLink.Tasks": {
        "type": "Direct",
        "requested": "[10.0.12, )",
        "resolved": "10.0.12",
        "contentHash": "xi+BDjFpW+Sb+MHFHaH6Y/gV9I8BluFwRXc1QyCdoZbIK26eNiBeFuMTe/FMwc33G1wdHCyDg7CVTmb8OdQrMQ=="
      },
      "Amazon.Lambda.APIGatewayEvents": {
        "type": "Transitive",
        "resolved": "2.7.0",
        "contentHash": "HAbdRKLzvUqRg/fItan7up/PWsj6vQfYF+1a4YV6sv1bq5TuK/ra+ndJwWMlzL+MFJzJaHwCmtkyBbh/vz8Oig=="
      },
      "Amazon.Lambda.Core": {
        "type": "Transitive",
        "resolved": "3.3.0",
        "contentHash": "CZKlX8ZDMi6aKPo5lPAjmsJFDXNJHX00aiiYeRQOEszP8cjx6qklBvTPj4qpr4dlp3YYQjmB87CqAiWV7vk2fA=="
      },
      "Amazon.Lambda.RuntimeSupport": {
        "type": "Transitive",
        "resolved": "2.2.0",
        "contentHash": "S2ey3Wwb1JBJzYOa1jHDfbATziS7BVDRd9ZzBBTIRf8+2KsAujlEUwbCAZ5WpfGl0poiTVdvD4S9ttrCX3fmdg==",
        "dependencies": {
          "Amazon.Lambda.Core": "3.3.0",
          "SnapshotRestore.Registry": "1.0.2"
        }
      },
      "DependencyModules.Runtime": {
        "type": "Transitive",
        "resolved": "1.7.0",
        "contentHash": "A5PmTFHSBcSvP3jZ8xEw+Y2rzynv4YsuNJO3BB1q+qyCdKJ14rWHFOXmKxqiVwJkHSOW+YeQjB6yT3+uULpyTg==",
        "dependencies": {
          "Microsoft.Extensions.DependencyInjection.Abstractions": "10.0.0"
        }
      },
      "Hardened.Functions.Runtime": {
        "type": "Transitive",
        "resolved": "0.40.0-rc1000",
        "contentHash": "kaXpUcmPDNRyHDMPkXUBat1gC0A32mOp7KWRGUZe5uxCqykXJLh9iu1CgRKxzjR4QLeqdYhJ+xxZX+ashykZlA=="
      },
      "Hardened.Requests.Abstract": {
        "type": "Transitive",
        "resolved": "0.40.0-rc1000",
        "contentHash": "FNGOwEbpvTBmehvWWQdCmIwfBYdR8Cqf/Pkllicd4GOxDt9b5Kr1bqSN+Bc81p211pA+OTprfBBZ9iXyvqAiBg==",
        "dependencies": {
          "Hardened.Shared.Runtime": "0.40.0-rc1000",
          "Microsoft.Extensions.DependencyInjection.Abstractions": "8.0.2",
          "Microsoft.Extensions.Logging.Abstractions": "8.0.3",
          "Microsoft.Extensions.Primitives": "8.0.0"
        }
      },
      "Hardened.Requests.Runtime": {
        "type": "Transitive",
        "resolved": "0.40.0-rc1000",
        "contentHash": "Vip5KX+5tBTKdmauEmKro0WGpuRdxDH161k3s4+r6xfvxCxGOzhP4K3DjCj3nfzu1+NnqN+eYS8wJCBhODprhA==",
        "dependencies": {
          "DependencyModules.Runtime": "1.7.0",
          "Hardened.Requests.Abstract": "0.40.0-rc1000",
          "Hardened.Shared.Runtime": "0.40.0-rc1000",
          "Microsoft.Extensions.DependencyInjection.Abstractions": "8.0.2",
          "Microsoft.Extensions.Logging.Abstractions": "8.0.3",
          "Microsoft.Extensions.Primitives": "8.0.0",
          "System.Threading.RateLimiting": "8.0.0",
          "ValidationModules.Runtime": "1.1.0"
        }
      },
      "Microsoft.Extensions.Caching.Abstractions": {
        "type": "Transitive",
        "resolved": "8.0.0",
        "contentHash": "3KuSxeHoNYdxVYfg2IRZCThcrlJ1XJqIXkAWikCsbm5C/bCjv7G0WoKDyuR98Q+T607QT2Zl5GsbGRkENcV2yQ==",
        "dependencies": {
          "Microsoft.Extensions.Primitives": "8.0.0"
        }
      },
      "Microsoft.Extensions.Caching.Memory": {
        "type": "Transitive",
        "resolved": "8.0.1",
        "contentHash": "HFDnhYLccngrzyGgHkjEDU5FMLn4MpOsr5ElgsBMC4yx6lJh4jeWO7fHS8+TXPq+dgxCmUa/Trl8svObmwW4QA==",
        "dependencies": {
          "Microsoft.Extensions.Caching.Abstractions": "8.0.0",
          "Microsoft.Extensions.DependencyInjection.Abstractions": "8.0.2",
          "Microsoft.Extensions.Logging.Abstractions": "8.0.2",
          "Microsoft.Extensions.Options": "8.0.2",
          "Microsoft.Extensions.Primitives": "8.0.0"
        }
      },
      "Microsoft.Extensions.DependencyInjection": {
        "type": "Transitive",
        "resolved": "8.0.1",
        "contentHash": "BmANAnR5Xd4Oqw7yQ75xOAYODybZQRzdeNucg7kS5wWKd2PNnMdYtJ2Vciy0QLylRmv42DGl5+AFL9izA6F1Rw==",
        "dependencies": {
          "Microsoft.Extensions.DependencyInjection.Abstractions": "8.0.2"
        }
      },
      "Microsoft.Extensions.DependencyInjection.Abstractions": {
        "type": "Transitive",
        "resolved": "10.0.0",
        "contentHash": "L3AdmZ1WOK4XXT5YFPEwyt0ep6l8lGIPs7F5OOBZc77Zqeo01Of7XXICy47628sdVl0v/owxYJTe86DTgFwKCA=="
      },
      "Microsoft.Extensions.Logging": {
        "type": "Transitive",
        "resolved": "8.0.1",
        "contentHash": "4x+pzsQEbqxhNf1QYRr5TDkLP9UsLT3A6MdRKDDEgrW7h1ljiEPgTNhKYUhNCCAaVpQECVQ+onA91PTPnIp6Lw==",
        "dependencies": {
          "Microsoft.Extensions.DependencyInjection": "8.0.1",
          "Microsoft.Extensions.Logging.Abstractions": "8.0.2",
          "Microsoft.Extensions.Options": "8.0.2"
        }
      },
      "Microsoft.Extensions.Logging.Abstractions": {
        "type": "Transitive",
        "resolved": "8.0.3",
        "contentHash": "dL0QGToTxggRLMYY4ZYX5AMwBb+byQBd/5dMiZE07Nv73o6I5Are3C7eQTh7K2+A4ct0PVISSr7TZANbiNb2yQ==",
        "dependencies": {
          "Microsoft.Extensions.DependencyInjection.Abstractions": "8.0.2"
        }
      },
      "Microsoft.Extensions.Options": {
        "type": "Transitive",
        "resolved": "8.0.2",
        "contentHash": "dWGKvhFybsaZpGmzkGCbNNwBD1rVlWzrZKANLW/CcbFJpCEceMCGzT7zZwHOGBCbwM0SzBuceMj5HN1LKV1QqA==",
        "dependencies": {
          "Microsoft.Extensions.DependencyInjection.Abstractions": "8.0.0",
          "Microsoft.Extensions.Primitives": "8.0.0"
        }
      },
      "Microsoft.Extensions.Primitives": {
        "type": "Transitive",
        "resolved": "8.0.0",
        "contentHash": "bXJEZrW9ny8vjMF1JV253WeLhpEVzFo1lyaZu1vQ4ZxWUlVvknZ/+ftFgVheLubb4eZPSwwxBeqS1JkCOjxd8g=="
      },
      "SnapshotRestore.Registry": {
        "type": "Transitive",
        "resolved": "1.0.2",
        "contentHash": "clcAZGAb8sbtIuynOPiZkpHLdSb3RGxHJjSPyecgRh55fFY0KynqA7GEtrVL/sAUgO9jvC0IMhPXBRcJuFWrAA=="
      },
      "System.Threading.RateLimiting": {
        "type": "Transitive",
        "resolved": "8.0.0",
        "contentHash": "7mu9v0QDv66ar3DpGSZHg9NuNcxDaaAcnMULuZlaTpP9+hwXhrxNGsF5GmLkSHxFdb5bBc1TzeujsRgTrPWi+Q=="
      },
      "ValidationModules.Runtime": {
        "type": "Transitive",
        "resolved": "1.1.0",
        "contentHash": "lsoeuKSRP9YRjMPmigCspWJYu9R1FtjM3dhHmyC1DgYGKKjt5ubTsawxKHbGwFYK0OsDSEmX3/o2bFRMOiuoJw==",
        "dependencies": {
          "Microsoft.Extensions.DependencyInjection.Abstractions": "10.0.0"
        }
      },
      "implementation": {
        "type": "Project",
        "dependencies": {
          "Hardened.Library.SourceGenerator": "[0.40.0-rc1000, )",
          "Hardened.Requests.Caching.Memory": "[0.40.0-rc1000, )",
          "Hardened.Shared.Runtime": "[0.40.0-rc1000, )",
          "Hardened.Templates.RazorBlade": "[0.40.0-rc1000, )",
          "Hardened.Validation.SourceGenerator": "[0.40.0-rc1000, )",
          "Hardened.Web.Runtime": "[0.40.0-rc1000, )",
          "Hardened.Web.SourceGenerator": "[0.40.0-rc1000, )",
          "Hardened.Web.StaticContent": "[0.40.0-rc1000, )",
          "RazorBlade": "[1.0.0, )"
        }
      },
      "Hardened.Requests.Caching.Memory": {
        "type": "CentralTransitive",
        "requested": "[0.40.0-rc1000, )",
        "resolved": "0.40.0-rc1000",
        "contentHash": "0HqchOmi46hkkf5acdOjH+nN/wmSBgrV7uDMRoUi/WVUqh7O5Bp5DhSqChDeZ3clal2rxb8LpGcn6x5pM72NbA==",
        "dependencies": {
          "DependencyModules.Runtime": "1.7.0",
          "Hardened.Requests.Abstract": "0.40.0-rc1000",
          "Hardened.Shared.Runtime": "0.40.0-rc1000",
          "Microsoft.Extensions.Caching.Memory": "8.0.1"
        }
      },
      "Hardened.Templates.RazorBlade": {
        "type": "CentralTransitive",
        "requested": "[0.40.0-rc1000, )",
        "resolved": "0.40.0-rc1000",
        "contentHash": "Jdjlf2QSl0G0sHy1t7sYx+7SvOfid9x6rLqtcw5R2f0tt54iTmFJU4O5Zk5y74dGjZDrNa9CJIduSu5nBkdcTg==",
        "dependencies": {
          "DependencyModules.Runtime": "1.7.0",
          "Hardened.Requests.Abstract": "0.40.0-rc1000",
          "Hardened.Requests.Runtime": "0.40.0-rc1000",
          "Hardened.Shared.Runtime": "0.40.0-rc1000",
          "Microsoft.Extensions.DependencyInjection.Abstractions": "8.0.2",
          "RazorBlade": "1.0.0"
        }
      },
      "Hardened.Validation.SourceGenerator": {
        "type": "CentralTransitive",
        "requested": "[0.40.0-rc1000, )",
        "resolved": "0.40.0-rc1000",
        "contentHash": "Nhb6Y2kKZDQ8vJmGeyYYAPHwnxSBq9KBgMfXonbPR5R6O4/mf1ixmOCnh4p/2nk/xtCYyUr+uTzLsO3iftsYLg=="
      },
      "Hardened.Web.StaticContent": {
        "type": "CentralTransitive",
        "requested": "[0.40.0-rc1000, )",
        "resolved": "0.40.0-rc1000",
        "contentHash": "1eHgDPhdcbAEM/f5OWrGKqO30UFLR2kP10D/hyJUpoIumdsjBu53C1sCf9IoOWqXHm8XMo13YcyK9yIC5kBW2g==",
        "dependencies": {
          "Hardened.Requests.Abstract": "0.40.0-rc1000",
          "Hardened.Requests.Runtime": "0.40.0-rc1000",
          "Hardened.Shared.Runtime": "0.40.0-rc1000",
          "Hardened.Web.Runtime": "0.40.0-rc1000"
        }
      },
      "RazorBlade": {
        "type": "CentralTransitive",
        "requested": "[1.0.0, )",
        "resolved": "1.0.0",
        "contentHash": "zTQ5eTOzoif6mMlhKsNfs5yg7SX1NlfdI+hx7jgT73XnqoPcZ64qwa3I9hDdprkqtjIK42FpmmmwDK3MjWTzAQ=="
      }
    },
    "net10.0/linux-arm64": {
      "Microsoft.DotNet.ILCompiler": {
        "type": "Direct",
        "requested": "[10.0.12, )",
        "resolved": "10.0.12",
        "contentHash": "AawF393Q+VkdrnrnI1gu612zh5iqpa1AGSvnKCQ3IkMgSKJXIQbO1sXYRgEzOU4f0cPZ6MaCCF29xZSGWlmbuQ==",
        "dependencies": {
          "runtime.linux-arm64.Microsoft.DotNet.ILCompiler": "10.0.12"
        }
      },
      "runtime.linux-arm64.Microsoft.DotNet.ILCompiler": {
        "type": "Transitive",
        "resolved": "10.0.12",
        "contentHash": "/5+mHi8hwnpAh0Uut3VVoungKmx5lER+c9T11qlt9Geqpm3j28eTnay6kQnWdegcGgXBhdLN/iY09yPR8GukeQ=="
      }
    },
    "net10.0/linux-x64": {
      "Microsoft.DotNet.ILCompiler": {
        "type": "Direct",
        "requested": "[10.0.12, )",
        "resolved": "10.0.12",
        "contentHash": "AawF393Q+VkdrnrnI1gu612zh5iqpa1AGSvnKCQ3IkMgSKJXIQbO1sXYRgEzOU4f0cPZ6MaCCF29xZSGWlmbuQ==",
        "dependencies": {
          "runtime.linux-x64.Microsoft.DotNet.ILCompiler": "10.0.12"
        }
      },
      "runtime.linux-x64.Microsoft.DotNet.ILCompiler": {
        "type": "Transitive",
        "resolved": "10.0.12",
        "contentHash": "wAa+LAE6+Bkd+pEJvGdnQU8PZQRzvhurpQ4hzsOTpRuedIq1kunJcz86xBCBlzsc+QlVdCKVUPzEfB3uYVB7Gw=="
      }
    }
  }
}