{
  "version": 1,
  "dependencies": {
    "net10.0": {
      "Amazon.Lambda.AspNetCoreServer.Hosting": {
        "type": "Direct",
        "requested": "[2.2.1, )",
        "resolved": "2.2.1",
        "contentHash": "MldjW5hJB9M9z8a3qi+Q/VeMRLhVPWv4qQ1lJZ3zPPRfu0MfpaWekfrtI8ox9olJmX8J+8PBH5ixGFLX5vnO8g==",
        "dependencies": {
          "Amazon.Lambda.APIGatewayEvents": "3.0.1",
          "Amazon.Lambda.AspNetCoreServer": "10.2.1",
          "Amazon.Lambda.Core": "3.3.0",
          "Amazon.Lambda.RuntimeSupport": "2.2.0"
        }
      },
      "Carter": {
        "type": "Direct",
        "requested": "[10.0.0, )",
        "resolved": "10.0.0",
        "contentHash": "TMSfoaIwEuQBqDxt0EdUmGLe6yLnkEBwYeWunyDfxhDPmDKtV/o1tDYsNWG5eMO6ontHonFttIMwbsg+ddi8YQ==",
        "dependencies": {
          "Carter.Analyzers": "10.0.0",
          "FluentValidation": "12.1.0",
          "Microsoft.Extensions.DependencyModel": "10.0.0"
        }
      },
      "FluentValidation": {
        "type": "Direct",
        "requested": "[12.1.1, )",
        "resolved": "12.1.1",
        "contentHash": "EPpkIe1yh1a0OXyC100oOA8WMbZvqUu5plwhvYcb7oSELfyUZzfxV48BLhvs3kKo4NwG7MGLNgy1RJiYtT8Dpw=="
      },
      "Microsoft.AspNetCore.App.Internal.Assets": {
        "type": "Direct",
        "requested": "[10.0.12, )",
        "resolved": "10.0.12",
        "contentHash": "+sIBo9AMBZH46qHWHQdfzcGMt+RuBaPYrUMOAM9VjA7MQ9QtIez3lq1C3E05+Yroa94KKt3DSWaxmCI4H28a9Q=="
      },
      "Microsoft.AspNetCore.OpenApi": {
        "type": "Direct",
        "requested": "[10.0.12, )",
        "resolved": "10.0.12",
        "contentHash": "7RnQ/UKn+kK3JDLmTpW+vVqNErWthGPAVAy1aIiBzv4ucQ6g9NFvOJUuT0PHcpvcJxGVxctMxj6t+NESWMrgHQ==",
        "dependencies": {
          "Microsoft.OpenApi": "[2.12.0, 3.0.0)"
        }
      },
      "Microsoft.Extensions.ApiDescription.Server": {
        "type": "Direct",
        "requested": "[10.0.12, )",
        "resolved": "10.0.12",
        "contentHash": "Z/bU4AL/E4m0j5tduRjIuqZrVMK//wRAM+iq+UcQtjQuEMwBnMY8AQ+MvK4IQZAdKb5Zlk9PUglfsN53xOmU3A=="
      },
      "Amazon.Lambda.APIGatewayEvents": {
        "type": "Transitive",
        "resolved": "3.0.1",
        "contentHash": "+gTGEtrcoCBRtCgcqEl3AlFrYrQY4pFreL22KkmpvXaNX1Lwlrbgk/crEcfuD3Q0wO2AspsJ3xMMj7pJxDYTKA=="
      },
      "Amazon.Lambda.ApplicationLoadBalancerEvents": {
        "type": "Transitive",
        "resolved": "3.0.0",
        "contentHash": "lUiZhNxherASNgbZysdFEj37VlyO7BH2z4iOwFpRtfLGq/v/dkVqt3rBAVvrxfPBRGi6SbSb/bHTV4bhPo5tSg=="
      },
      "Amazon.Lambda.AspNetCoreServer": {
        "type": "Transitive",
        "resolved": "10.2.1",
        "contentHash": "yql4ujM7Q2v6GfrBFbMB1SMaDu3wSHsfS/WfNr1OzUfVKseUKO+swo6Y/v1x/gQpJDKAzrP/pmwC/NuI9oPYjg==",
        "dependencies": {
          "Amazon.Lambda.APIGatewayEvents": "3.0.1",
          "Amazon.Lambda.ApplicationLoadBalancerEvents": "3.0.0",
          "Amazon.Lambda.Core": "3.3.0",
          "Amazon.Lambda.Logging.AspNetCore": "5.0.0",
          "Amazon.Lambda.Serialization.SystemTextJson": "3.0.1"
        }
      },
      "Amazon.Lambda.Core": {
        "type": "Transitive",
        "resolved": "3.3.0",
        "contentHash": "CZKlX8ZDMi6aKPo5lPAjmsJFDXNJHX00aiiYeRQOEszP8cjx6qklBvTPj4qpr4dlp3YYQjmB87CqAiWV7vk2fA=="
      },
      "Amazon.Lambda.Logging.AspNetCore": {
        "type": "Transitive",
        "resolved": "5.0.0",
        "contentHash": "vfqHBHPvsIvaAGeBnFSRSCThHoqXWqy7S/R6/Aldn4/FmHEp872D0WcJgFac/D0h0GnbHqyfFkjmBEpi85vOog==",
        "dependencies": {
          "Amazon.Lambda.Core": "3.0.0"
        }
      },
      "Amazon.Lambda.RuntimeSupport": {
        "type": "Transitive",
        "resolved": "2.2.0",
        "contentHash": "S2ey3Wwb1JBJzYOa1jHDfbATziS7BVDRd9ZzBBTIRf8+2KsAujlEUwbCAZ5WpfGl0poiTVdvD4S9ttrCX3fmdg==",
        "dependencies": {
          "Amazon.Lambda.Core": "3.3.0",
          "SnapshotRestore.Registry": "1.0.2"
        }
      },
      "Amazon.Lambda.Serialization.SystemTextJson": {
        "type": "Transitive",
        "resolved": "3.0.1",
        "contentHash": "QsHygaMyxQdgh5NPs5GGyBjK6mqQr5nv8rpqlrWC5+e1k7sVx+2xwDHv493S5IMw461S/PyHfjkUDjIQU5ArSA==",
        "dependencies": {
          "Amazon.Lambda.Core": "3.3.0"
        }
      },
      "Carter.Analyzers": {
        "type": "Transitive",
        "resolved": "10.0.0",
        "contentHash": "NC8nnaoCCKUDkZgDXIk7p7IgXOYsAYrOPp4a9AwFPGSoa92VqOnpp/O4YeKicnMByNigTCNzua7yxIbSFfRTqA==",
        "dependencies": {
          "Microsoft.CodeAnalysis.CSharp": "4.14.0"
        }
      },
      "Microsoft.CodeAnalysis.Analyzers": {
        "type": "Transitive",
        "resolved": "3.11.0",
        "contentHash": "v/EW3UE8/lbEYHoC2Qq7AR/DnmvpgdtAMndfQNmpuIMx/Mto8L5JnuCfdBYtgvalQOtfNCnxFejxuRrryvUTsg=="
      },
      "Microsoft.CodeAnalysis.Common": {
        "type": "Transitive",
        "resolved": "4.14.0",
        "contentHash": "PC3tuwZYnC+idaPuoC/AZpEdwrtX7qFpmnrfQkgobGIWiYmGi5MCRtl5mx6QrfMGQpK78X2lfIEoZDLg/qnuHg==",
        "dependencies": {
          "Microsoft.CodeAnalysis.Analyzers": "3.11.0"
        }
      },
      "Microsoft.CodeAnalysis.CSharp": {
        "type": "Transitive",
        "resolved": "4.14.0",
        "contentHash": "568a6wcTivauIhbeWcCwfWwIn7UV7MeHEBvFB2uzGIpM2OhJ4eM/FZ8KS0yhPoNxnSpjGzz7x7CIjTxhslojQA==",
        "dependencies": {
          "Microsoft.CodeAnalysis.Analyzers": "3.11.0",
          "Microsoft.CodeAnalysis.Common": "[4.14.0]"
        }
      },
      "Microsoft.Extensions.DependencyModel": {
        "type": "Transitive",
        "resolved": "10.0.0",
        "contentHash": "RFYJR7APio/BiqdQunRq6DB+nDB6nc2qhHr77mlvZ0q0BT8PubMXN7XicmfzCbrDE/dzhBnUKBRXLTcqUiZDGg=="
      },
      "Microsoft.OpenApi": {
        "type": "Transitive",
        "resolved": "2.12.0",
        "contentHash": "0xB/be+f6qYOhvQPUrVsLrau+fkowYv6gt9RIkajMhwT7sZnqtcA797yW3bS5kgSje+AQW4xZgyLnW641YFioQ=="
      },
      "SnapshotRestore.Registry": {
        "type": "Transitive",
        "resolved": "1.0.2",
        "contentHash": "clcAZGAb8sbtIuynOPiZkpHLdSb3RGxHJjSPyecgRh55fFY0KynqA7GEtrVL/sAUgO9jvC0IMhPXBRcJuFWrAA=="
      }
    }
  }
}